// !$*UTF8*$!
{
	archiveVersion = 1;
	classes = {
	};
	objectVersion = 46;
	objects = {

/* Begin PBXBuildFile section */
		5C13BDA71E16FB0A00EBC2E8 /* Meal.swift in Sources */ = {isa = PBXBuildFile; fileRef = 5C13BDA61E16FB0A00EBC2E8 /* Meal.swift */; };
		5C7133551E15E217001D26F1 /* RatingControl.swift in Sources */ = {isa = PBXBuildFile; fileRef = 5C7133541E15E217001D26F1 /* RatingControl.swift */; };
		5C949F9B1DFF665E00EC7D1B /* AppDelegate.swift in Sources */ = {isa = PBXBuildFile; fileRef = 5C949F9A1DFF665E00EC7D1B /* AppDelegate.swift */; };
		5C949F9D1DFF665E00EC7D1B /* MealViewController.swift in Sources */ = {isa = PBXBuildFile; fileRef = 5C949F9C1DFF665E00EC7D1B /* MealViewController.swift */; };
		5C949FA01DFF665E00EC7D1B /* Main.storyboard in Resources */ = {isa = PBXBuildFile; fileRef = 5C949F9E1DFF665E00EC7D1B /* Main.storyboard */; };
		5C949FA21DFF665E00EC7D1B /* Assets.xcassets in Resources */ = {isa = PBXBuildFile; fileRef = 5C949FA11DFF665E00EC7D1B /* Assets.xcassets */; };
		5C949FA51DFF665E00EC7D1B /* LaunchScreen.storyboard in Resources */ = {isa = PBXBuildFile; fileRef = 5C949FA31DFF665E00EC7D1B /* LaunchScreen.storyboard */; };
		5C949FB01DFF665E00EC7D1B /* FoodTrackerTests.swift in Sources */ = {isa = PBXBuildFile; fileRef = 5C949FAF1DFF665E00EC7D1B /* FoodTrackerTests.swift */; };
		5CB95E1F1E1DDF80005F7075 /* MealTableViewCell.swift in Sources */ = {isa = PBXBuildFile; fileRef = 5CB95E1E1E1DDF80005F7075 /* MealTableViewCell.swift */; };
		5CB95E211E1DE3C2005F7075 /* MealTableViewController.swift in Sources */ = {isa = PBXBuildFile; fileRef = 5CB95E201E1DE3C2005F7075 /* MealTableViewController.swift */; };
/* End PBXBuildFile section */

/* Begin PBXContainerItemProxy section */
		5C949FAC1DFF665E00EC7D1B /* PBXContainerItemProxy */ = {
			isa = PBXContainerItemProxy;
			containerPortal = 5C949F8F1DFF665E00EC7D1B /* Project object */;
			proxyType = 1;
			remoteGlobalIDString = 5C949F961DFF665E00EC7D1B;
			remoteInfo = FoodTracker;
		};
/* End PBXContainerItemProxy section */

/* Begin PBXFileReference section */
		5C13BDA61E16FB0A00EBC2E8 /* Meal.swift */ = {isa = PBXFileReference; fileEncoding = 4; lastKnownFileType = sourcecode.swift; path = Meal.swift; sourceTree = "<group>"; };
		5C7133541E15E217001D26F1 /* RatingControl.swift */ = {isa = PBXFileReference; fileEncoding = 4; lastKnownFileType = sourcecode.swift; path = RatingControl.swift; sourceTree = "<group>"; };
		5C949F971DFF665E00EC7D1B /* FoodTracker.app */ = {isa = PBXFileReference; explicitFileType = wrapper.application; includeInIndex = 0; path = FoodTracker.app; sourceTree = BUILT_PRODUCTS_DIR; };
		5C949F9A1DFF665E00EC7D1B /* AppDelegate.swift */ = {isa = PBXFileReference; lastKnownFileType = sourcecode.swift; path = AppDelegate.swift; sourceTree = "<group>"; };
		5C949F9C1DFF665E00EC7D1B /* MealViewController.swift */ = {isa = PBXFileReference; lastKnownFileType = sourcecode.swift; path = MealViewController.swift; sourceTree = "<group>"; };
		5C949F9F1DFF665E00EC7D1B /* Base */ = {isa = PBXFileReference; lastKnownFileType = file.storyboard; name = Base; path = Base.lproj/Main.storyboard; sourceTree = "<group>"; };
		5C949FA11DFF665E00EC7D1B /* Assets.xcassets */ = {isa = PBXFileReference; lastKnownFileType = folder.assetcatalog; path = Assets.xcassets; sourceTree = "<group>"; };
		5C949FA41DFF665E00EC7D1B /* Base */ = {isa = PBXFileReference; lastKnownFileType = file.storyboard; name = Base; path = Base.lproj/LaunchScreen.storyboard; sourceTree = "<group>"; };
		5C949FA61DFF665E00EC7D1B /* Info.plist */ = {isa = PBXFileReference; lastKnownFileType = text.plist.xml; path = Info.plist; sourceTree = "<group>"; };
		5C949FAB1DFF665E00EC7D1B /* FoodTrackerTests.xctest */ = {isa = PBXFileReference; explicitFileType = wrapper.cfbundle; includeInIndex = 0; path = FoodTrackerTests.xctest; sourceTree = BUILT_PRODUCTS_DIR; };
		5C949FAF1DFF665E00EC7D1B /* FoodTrackerTests.swift */ = {isa = PBXFileReference; lastKnownFileType = sourcecode.swift; path = FoodTrackerTests.swift; sourceTree = "<group>"; };
		5C949FB11DFF665E00EC7D1B /* Info.plist */ = {isa = PBXFileReference; lastKnownFileType = text.plist.xml; path = Info.plist; sourceTree = "<group>"; };
		5CB95E1E1E1DDF80005F7075 /* MealTableViewCell.swift */ = {isa = PBXFileReference; fileEncoding = 4; lastKnownFileType = sourcecode.swift; path = MealTableViewCell.swift; sourceTree = "<group>"; };
		5CB95E201E1DE3C2005F7075 /* MealTableViewController.swift */ = {isa = PBXFileReference; fileEncoding = 4; lastKnownFileType = sourcecode.swift; path = MealTableViewController.swift; sourceTree = "<group>"; };
/* End PBXFileReference section */

/* Begin PBXFrameworksBuildPhase section */
		5C949F941DFF665E00EC7D1B /* Frameworks */ = {
			isa = PBXFrameworksBuildPhase;
			buildActionMask = 2147483647;
			files = (
			);
			runOnlyForDeploymentPostprocessing = 0;
		};
		5C949FA81DFF665E00EC7D1B /* Frameworks */ = {
			isa = PBXFrameworksBuildPhase;
			buildActionMask = 2147483647;
			files = (
			);
			runOnlyForDeploymentPostprocessing = 0;
		};
/* End PBXFrameworksBuildPhase section */

/* Begin PBXGroup section */
		5C949F8E1DFF665E00EC7D1B = {
			isa = PBXGroup;
			children = (
				5C949F991DFF665E00EC7D1B /* FoodTracker */,
				5C949FAE1DFF665E00EC7D1B /* FoodTrackerTests */,
				5C949F981DFF665E00EC7D1B /* Products */,
			);
			sourceTree = "<group>";
		};
		5C949F981DFF665E00EC7D1B /* Products */ = {
			isa = PBXGroup;
			children = (
				5C949F971DFF665E00EC7D1B /* FoodTracker.app */,
				5C949FAB1DFF665E00EC7D1B /* FoodTrackerTests.xctest */,
			);
			name = Products;
			sourceTree = "<group>";
		};
		5C949F991DFF665E00EC7D1B /* FoodTracker */ = {
			isa = PBXGroup;
			children = (
				5C949F9A1DFF665E00EC7D1B /* AppDelegate.swift */,
				5C949F9C1DFF665E00EC7D1B /* MealViewController.swift */,
				5C13BDA61E16FB0A00EBC2E8 /* Meal.swift */,
				5C949F9E1DFF665E00EC7D1B /* Main.storyboard */,
				5CB95E201E1DE3C2005F7075 /* MealTableViewController.swift */,
				5C949FA11DFF665E00EC7D1B /* Assets.xcassets */,
				5C949FA31DFF665E00EC7D1B /* LaunchScreen.storyboard */,
				5C949FA61DFF665E00EC7D1B /* Info.plist */,
				5C7133541E15E217001D26F1 /* RatingControl.swift */,
				5CB95E1E1E1DDF80005F7075 /* MealTableViewCell.swift */,
			);
			path = FoodTracker;
			sourceTree = "<group>";
		};
		5C949FAE1DFF665E00EC7D1B /* FoodTrackerTests */ = {
			isa = PBXGroup;
			children = (
				5C949FAF1DFF665E00EC7D1B /* FoodTrackerTests.swift */,
				5C949FB11DFF665E00EC7D1B /* Info.plist */,
			);
			path = FoodTrackerTests;
			sourceTree = "<group>";
		};
/* End PBXGroup section */

/* Begin PBXNativeTarget section */
		5C949F961DFF665E00EC7D1B /* FoodTracker */ = {
			isa = PBXNativeTarget;
			buildConfigurationList = 5C949FB41DFF665E00EC7D1B /* Build configuration list for PBXNativeTarget "FoodTracker" */;
			buildPhases = (
				5C949F931DFF665E00EC7D1B /* Sources */,
				5C949F941DFF665E00EC7D1B /* Frameworks */,
				5C949F951DFF665E00EC7D1B /* Resources */,
			);
			buildRules = (
			);
			dependencies = (
			);
			name = FoodTracker;
			productName = FoodTracker;
			productReference = 5C949F971DFF665E00EC7D1B /* FoodTracker.app */;
			productType = "com.apple.product-type.application";
		};
		5C949FAA1DFF665E00EC7D1B /* FoodTrackerTests */ = {
			isa = PBXNativeTarget;
			buildConfigurationList = 5C949FB71DFF665E00EC7D1B /* Build configuration list for PBXNativeTarget "FoodTrackerTests" */;
			buildPhases = (
				5C949FA71DFF665E00EC7D1B /* Sources */,
				5C949FA81DFF665E00EC7D1B /* Frameworks */,
				5C949FA91DFF665E00EC7D1B /* Resources */,
			);
			buildRules = (
			);
			dependencies = (
				5C949FAD1DFF665E00EC7D1B /* PBXTargetDependency */,
			);
			name = FoodTrackerTests;
			productName = FoodTrackerTests;
			productReference = 5C949FAB1DFF665E00EC7D1B /* FoodTrackerTests.xctest */;
			productType = "com.apple.product-type.bundle.unit-test";
		};
/* End PBXNativeTarget section */

/* Begin PBXProject section */
		5C949F8F1DFF665E00EC7D1B /* Project object */ = {
			isa = PBXProject;
			attributes = {
				LastSwiftUpdateCheck = 0810;
				LastUpgradeCheck = 0820;
				ORGANIZATIONNAME = "Jordan Harrod";
				TargetAttributes = {
					5C949F961DFF665E00EC7D1B = {
						CreatedOnToolsVersion = 8.1;
						ProvisioningStyle = Automatic;
					};
					5C949FAA1DFF665E00EC7D1B = {
						CreatedOnToolsVersion = 8.1;
						ProvisioningStyle = Automatic;
						TestTargetID = 5C949F961DFF665E00EC7D1B;
					};
				};
			};
			buildConfigurationList = 5C949F921DFF665E00EC7D1B /* Build configuration list for PBXProject "FoodTracker" */;
			compatibilityVersion = "Xcode 3.2";
			developmentRegion = English;
			hasScannedForEncodings = 0;
			knownRegions = (
				en,
				Base,
			);
			mainGroup = 5C949F8E1DFF665E00EC7D1B;
			productRefGroup = 5C949F981DFF665E00EC7D1B /* Products */;
			projectDirPath = "";
			projectRoot = "";
			targets = (
				5C949F961DFF665E00EC7D1B /* FoodTracker */,
				5C949FAA1DFF665E00EC7D1B /* FoodTrackerTests */,
			);
		};
/* End PBXProject section */

/* Begin PBXResourcesBuildPhase section */
		5C949F951DFF665E00EC7D1B /* Resources */ = {
			isa = PBXResourcesBuildPhase;
			buildActionMask = 2147483647;
			files = (
				5C949FA51DFF665E00EC7D1B /* LaunchScreen.storyboard in Resources */,
				5C949FA21DFF665E00EC7D1B /* Assets.xcassets in Resources */,
				5C949FA01DFF665E00EC7D1B /* Main.storyboard in Resources */,
			);
			runOnlyForDeploymentPostprocessing = 0;
		};
		5C949FA91DFF665E00EC7D1B /* Resources */ = {
			isa = PBXResourcesBuildPhase;
			buildActionMask = 2147483647;
			files = (
			);
			runOnlyForDeploymentPostprocessing = 0;
		};
/* End PBXResourcesBuildPhase section */

/* Begin PBXSourcesBuildPhase section */
		5C949F931DFF665E00EC7D1B /* Sources */ = {
			isa = PBXSourcesBuildPhase;
			buildActionMask = 2147483647;
			files = (
				5C13BDA71E16FB0A00EBC2E8 /* Meal.swift in Sources */,
				5C949F9D1DFF665E00EC7D1B /* MealViewController.swift in Sources */,
				5C7133551E15E217001D26F1 /* RatingControl.swift in Sources */,
				5C949F9B1DFF665E00EC7D1B /* AppDelegate.swift in Sources */,
				5CB95E211E1DE3C2005F7075 /* MealTableViewController.swift in Sources */,
				5CB95E1F1E1DDF80005F7075 /* MealTableViewCell.swift in Sources */,
			);
			runOnlyForDeploymentPostprocessing = 0;
		};
		5C949FA71DFF665E00EC7D1B /* Sources */ = {
			isa = PBXSourcesBuildPhase;
			buildActionMask = 2147483647;
			files = (
				5C949FB01DFF665E00EC7D1B /* FoodTrackerTests.swift in Sources */,
			);
			runOnlyForDeploymentPostprocessing = 0;
		};
/* End PBXSourcesBuildPhase section */

/* Begin PBXTargetDependency section */
		5C949FAD1DFF665E00EC7D1B /* PBXTargetDependency */ = {
			isa = PBXTargetDependency;
			target = 5C949F961DFF665E00EC7D1B /* FoodTracker */;
			targetProxy = 5C949FAC1DFF665E00EC7D1B /* PBXContainerItemProxy */;
		};
/* End PBXTargetDependency section */

/* Begin PBXVariantGroup section */
		5C949F9E1DFF665E00EC7D1B /* Main.storyboard */ = {
			isa = PBXVariantGroup;
			children = (
				5C949F9F1DFF665E00EC7D1B /* Base */,
			);
			name = Main.storyboard;
			sourceTree = "<group>";
		};
		5C949FA31DFF665E00EC7D1B /* LaunchScreen.storyboard */ = {
			isa = PBXVariantGroup;
			children = (
				5C949FA41DFF665E00EC7D1B /* Base */,
			);
			name = LaunchScreen.storyboard;
			sourceTree = "<group>";
		};
/* End PBXVariantGroup section */

/* Begin XCBuildConfiguration section */
		5C949FB21DFF665E00EC7D1B /* Debug */ = {
			isa = XCBuildConfiguration;
			buildSettings = {
				ALWAYS_SEARCH_USER_PATHS = NO;
				CLANG_ANALYZER_NONNULL = YES;
				CLANG_CXX_LANGUAGE_STANDARD = "gnu++0x";
				CLANG_CXX_LIBRARY = "libc++";
				CLANG_ENABLE_MODULES = YES;
				CLANG_ENABLE_OBJC_ARC = YES;
				CLANG_WARN_BOOL_CONVERSION = YES;
				CLANG_WARN_CONSTANT_CONVERSION = YES;
				CLANG_WARN_DIRECT_OBJC_ISA_USAGE = YES_ERROR;
				CLANG_WARN_DOCUMENTATION_COMMENTS = YES;
				CLANG_WARN_EMPTY_BODY = YES;
				CLANG_WARN_ENUM_CONVERSION = YES;
				CLANG_WARN_INFINITE_RECURSION = YES;
				CLANG_WARN_INT_CONVERSION = YES;
				CLANG_WARN_OBJC_ROOT_CLASS = YES_ERROR;
				CLANG_WARN_SUSPICIOUS_MOVE = YES;
				CLANG_WARN_SUSPICIOUS_MOVES = YES;
				CLANG_WARN_UNREACHABLE_CODE = YES;
				CLANG_WARN__DUPLICATE_METHOD_MATCH = YES;
				"CODE_SIGN_IDENTITY[sdk=iphoneos*]" = "iPhone Developer";
				COPY_PHASE_STRIP = NO;
				DEBUG_INFORMATION_FORMAT = dwarf;
				ENABLE_STRICT_OBJC_MSGSEND = YES;
				ENABLE_TESTABILITY = YES;
				GCC_C_LANGUAGE_STANDARD = gnu99;
				GCC_DYNAMIC_NO_PIC = NO;
				GCC_NO_COMMON_BLOCKS = YES;
				GCC_OPTIMIZATION_LEVEL = 0;
				GCC_PREPROCESSOR_DEFINITIONS = (
					"DEBUG=1",
					"$(inherited)",
				);
				GCC_WARN_64_TO_32_BIT_CONVERSION = YES;
				GCC_WARN_ABOUT_RETURN_TYPE = YES_ERROR;
				GCC_WARN_UNDECLARED_SELECTOR = YES;
				GCC_WARN_UNINITIALIZED_AUTOS = YES_AGGRESSIVE;
				GCC_WARN_UNUSED_FUNCTION = YES;
				GCC_WARN_UNUSED_VARIABLE = YES;
				IPHONEOS_DEPLOYMENT_TARGET = 10.1;
				MTL_ENABLE_DEBUG_INFO = YES;
				ONLY_ACTIVE_ARCH = YES;
				SDKROOT = iphoneos;
				SWIFT_ACTIVE_COMPILATION_CONDITIONS = DEBUG;
				SWIFT_OPTIMIZATION_LEVEL = "-Onone";
				TARGETED_DEVICE_FAMILY = "1,2";
			};
			name = Debug;
		};
		5C949FB31DFF665E00EC7D1B /* Release */ = {
			isa = XCBuildConfiguration;
			buildSettings = {
				ALWAYS_SEARCH_USER_PATHS = NO;
				CLANG_ANALYZER_NONNULL = YES;
				CLANG_CXX_LANGUAGE_STANDARD = "gnu++0x";
				CLANG_CXX_LIBRARY = "libc++";
				CLANG_ENABLE_MODULES = YES;
				CLANG_ENABLE_OBJC_ARC = YES;
				CLANG_WARN_BOOL_CONVERSION = YES;
				CLANG_WARN_CONSTANT_CONVERSION = YES;
				CLANG_WARN_DIRECT_OBJC_ISA_USAGE = YES_ERROR;
				CLANG_WARN_DOCUMENTATION_COMMENTS = YES;
				CLANG_WARN_EMPTY_BODY = YES;
				CLANG_WARN_ENUM_CONVERSION = YES;
				CLANG_WARN_INFINITE_RECURSION = YES;
				CLANG_WARN_INT_CONVERSION = YES;
				CLANG_WARN_OBJC_ROOT_CLASS = YES_ERROR;
				CLANG_WARN_SUSPICIOUS_MOVE = YES;
				CLANG_WARN_SUSPICIOUS_MOVES = YES;
				CLANG_WARN_UNREACHABLE_CODE = YES;
				CLANG_WARN__DUPLICATE_METHOD_MATCH = YES;
				"CODE_SIGN_IDENTITY[sdk=iphoneos*]" = "iPhone Developer";
				COPY_PHASE_STRIP = NO;
				DEBUG_INFORMATION_FORMAT = "dwarf-with-dsym";
				ENABLE_NS_ASSERTIONS = NO;
				ENABLE_STRICT_OBJC_MSGSEND = YES;
				GCC_C_LANGUAGE_STANDARD = gnu99;
				GCC_NO_COMMON_BLOCKS = YES;
				GCC_WARN_64_TO_32_BIT_CONVERSION = YES;
				GCC_WARN_ABOUT_RETURN_TYPE = YES_ERROR;
				GCC_WARN_UNDECLARED_SELECTOR = YES;
				GCC_WARN_UNINITIALIZED_AUTOS = YES_AGGRESSIVE;
				GCC_WARN_UNUSED_FUNCTION = YES;
				GCC_WARN_UNUSED_VARIABLE = YES;
				IPHONEOS_DEPLOYMENT_TARGET = 10.1;
				MTL_ENABLE_DEBUG_INFO = NO;
				SDKROOT = iphoneos;
				SWIFT_OPTIMIZATION_LEVEL = "-Owholemodule";
				TARGETED_DEVICE_FAMILY = "1,2";
				VALIDATE_PRODUCT = YES;
			};
			name = Release;
		};
		5C949FB51DFF665E00EC7D1B /* Debug */ = {
			isa = XCBuildConfiguration;
			buildSettings = {
				ASSETCATALOG_COMPILER_APPICON_NAME = AppIcon;
				INFOPLIST_FILE = FoodTracker/Info.plist;
				LD_RUNPATH_SEARCH_PATHS = "$(inherited) @executable_path/Frameworks";
				PRODUCT_BUNDLE_IDENTIFIER = jordanharrod.FoodTracker;
				PRODUCT_NAME = "$(TARGET_NAME)";
				SWIFT_VERSION = 3.0;
			};
			name = Debug;
		};
		5C949FB61DFF665E00EC7D1B /* Release */ = {
			isa = XCBuildConfiguration;
			buildSettings = {
				ASSETCATALOG_COMPILER_APPICON_NAME = AppIcon;
				INFOPLIST_FILE = FoodTracker/Info.plist;
				LD_RUNPATH_SEARCH_PATHS = "$(inherited) @executable_path/Frameworks";
				PRODUCT_BUNDLE_IDENTIFIER = jordanharrod.FoodTracker;
				PRODUCT_NAME = "$(TARGET_NAME)";
				SWIFT_VERSION = 3.0;
			};
			name = Release;
		};
		5C949FB81DFF665E00EC7D1B /* Debug */ = {
			isa = XCBuildConfiguration;
			buildSettings = {
				ALWAYS_EMBED_SWIFT_STANDARD_LIBRARIES = YES;
				BUNDLE_LOADER = "$(TEST_HOST)";
				INFOPLIST_FILE = FoodTrackerTests/Info.plist;
				LD_RUNPATH_SEARCH_PATHS = "$(inherited) @executable_path/Frameworks @loader_path/Frameworks";
				PRODUCT_BUNDLE_IDENTIFIER = jordanharrod.FoodTrackerTests;
				PRODUCT_NAME = "$(TARGET_NAME)";
				SWIFT_VERSION = 3.0;
				TEST_HOST = "$(BUILT_PRODUCTS_DIR)/FoodTracker.app/FoodTracker";
			};
			name = Debug;
		};
		5C949FB91DFF665E00EC7D1B /* Release */ = {
			isa = XCBuildConfiguration;
			buildSettings = {
				ALWAYS_EMBED_SWIFT_STANDARD_LIBRARIES = YES;
				BUNDLE_LOADER = "$(TEST_HOST)";
				INFOPLIST_FILE = FoodTrackerTests/Info.plist;
				LD_RUNPATH_SEARCH_PATHS = "$(inherited) @executable_path/Frameworks @loader_path/Frameworks";
				PRODUCT_BUNDLE_IDENTIFIER = jordanharrod.FoodTrackerTests;
				PRODUCT_NAME = "$(TARGET_NAME)";
				SWIFT_VERSION = 3.0;
				TEST_HOST = "$(BUILT_PRODUCTS_DIR)/FoodTracker.app/FoodTracker";
			};
			name = Release;
		};
/* End XCBuildConfiguration section */

/* Begin XCConfigurationList section */
		5C949F921DFF665E00EC7D1B /* Build configuration list for PBXProject "FoodTracker" */ = {
			isa = XCConfigurationList;
			buildConfigurations = (
				5C949FB21DFF665E00EC7D1B /* Debug */,
				5C949FB31DFF665E00EC7D1B /* Release */,
			);
			defaultConfigurationIsVisible = 0;
			defaultConfigurationName = Release;
		};
		5C949FB41DFF665E00EC7D1B /* Build configuration list for PBXNativeTarget "FoodTracker" */ = {
			isa = XCConfigurationList;
			buildConfigurations = (
				5C949FB51DFF665E00EC7D1B /* Debug */,
				5C949FB61DFF665E00EC7D1B /* Release */,
			);
			defaultConfigurationIsVisible = 0;
			defaultConfigurationName = Release;
		};
		5C949FB71DFF665E00EC7D1B /* Build configuration list for PBXNativeTarget "FoodTrackerTests" */ = {
			isa = XCConfigurationList;
			buildConfigurations = (
				5C949FB81DFF665E00EC7D1B /* Debug */,
				5C949FB91DFF665E00EC7D1B /* Release */,
			);
			defaultConfigurationIsVisible = 0;
			defaultConfigurationName = Release;
		};
/* End XCConfigurationList section */
	};
	rootObject = 5C949F8F1DFF665E00EC7D1B /* Project object */;
}
